{
  "name": "client",
  "version": "0.1.0",
  "lockfileVersion": 1,
  "requires": true,
  "dependencies": {
    "@types/classnames": {
      "version": "2.2.7",
      "resolved": "https://registry.npmjs.org/@types/classnames/-/classnames-2.2.7.tgz",
      "integrity": "sha512-rzOhiQ55WzAiFgXRtitP/ZUT8iVNyllEpylJ5zHzR4vArUvMB39GTk+Zon/uAM0JxEFAWnwsxC2gH8s+tZ3Myg==",
      "dev": true
    },
    "@types/node": {
      "version": "11.13.4"
    }
  }
}
